// !$*UTF8*$!
{
	archiveVersion = 1;
	classes = {
	};
	objectVersion = 55;
	objects = {

/* Begin PBXBuildFile section */
		9097C612282BBE5C00C28E04 /* AppDelegate.swift in Sources */ = {isa = PBXBuildFile; fileRef = 9097C611282BBE5C00C28E04 /* AppDelegate.swift */; };
		9097C614282BBE5C00C28E04 /* SceneDelegate.swift in Sources */ = {isa = PBXBuildFile; fileRef = 9097C613282BBE5C00C28E04 /* SceneDelegate.swift */; };
		9097C61B282BBE5D00C28E04 /* Assets.xcassets in Resources */ = {isa = PBXBuildFile; fileRef = 9097C61A282BBE5D00C28E04 /* Assets.xcassets */; };
		9097C61E282BBE5D00C28E04 /* LaunchScreen.storyboard in Resources */ = {isa = PBXBuildFile; fileRef = 9097C61C282BBE5D00C28E04 /* LaunchScreen.storyboard */; };
		9097C64D282BBEE600C28E04 /* EventRouter.swift in Sources */ = {isa = PBXBuildFile; fileRef = 9097C64C282BBEE600C28E04 /* EventRouter.swift */; };
		9097C64F282BBEED00C28E04 /* HomeRouter.swift in Sources */ = {isa = PBXBuildFile; fileRef = 9097C64E282BBEED00C28E04 /* HomeRouter.swift */; };
		9097C651282BBEF600C28E04 /* EventsDependencies.swift in Sources */ = {isa = PBXBuildFile; fileRef = 9097C650282BBEF600C28E04 /* EventsDependencies.swift */; };
		9097C653282BBEFC00C28E04 /* HomeDependencies.swift in Sources */ = {isa = PBXBuildFile; fileRef = 9097C652282BBEFC00C28E04 /* HomeDependencies.swift */; };
		9097C655282BBF0A00C28E04 /* BookEventContract.swift in Sources */ = {isa = PBXBuildFile; fileRef = 9097C654282BBF0A00C28E04 /* BookEventContract.swift */; };
		9097C657282BBF0F00C28E04 /* BookEventPresenter.swift in Sources */ = {isa = PBXBuildFile; fileRef = 9097C656282BBF0F00C28E04 /* BookEventPresenter.swift */; };
		9097C65A282BBF1C00C28E04 /* BookEventViewController.swift in Sources */ = {isa = PBXBuildFile; fileRef = 9097C658282BBF1C00C28E04 /* BookEventViewController.swift */; };
		9097C65B282BBF1C00C28E04 /* BookEventViewController.xib in Resources */ = {isa = PBXBuildFile; fileRef = 9097C659282BBF1C00C28E04 /* BookEventViewController.xib */; };
		9097C65D282BBF3400C28E04 /* EventDetailsContract.swift in Sources */ = {isa = PBXBuildFile; fileRef = 9097C65C282BBF3400C28E04 /* EventDetailsContract.swift */; };
		9097C65F282BBF3A00C28E04 /* EventDetailsPresenter.swift in Sources */ = {isa = PBXBuildFile; fileRef = 9097C65E282BBF3A00C28E04 /* EventDetailsPresenter.swift */; };
		9097C662282BBF4600C28E04 /* EventDetailsViewController.swift in Sources */ = {isa = PBXBuildFile; fileRef = 9097C660282BBF4600C28E04 /* EventDetailsViewController.swift */; };
		9097C663282BBF4600C28E04 /* EventDetailsViewController.xib in Resources */ = {isa = PBXBuildFile; fileRef = 9097C661282BBF4600C28E04 /* EventDetailsViewController.xib */; };
		9097C665282BBF5B00C28E04 /* EventsListContract.swift in Sources */ = {isa = PBXBuildFile; fileRef = 9097C664282BBF5B00C28E04 /* EventsListContract.swift */; };
		9097C667282BBF6000C28E04 /* EventsListPresenter.swift in Sources */ = {isa = PBXBuildFile; fileRef = 9097C666282BBF6000C28E04 /* EventsListPresenter.swift */; };
		9097C66A282BBF6800C28E04 /* EventsListViewController.swift in Sources */ = {isa = PBXBuildFile; fileRef = 9097C668282BBF6800C28E04 /* EventsListViewController.swift */; };
		9097C66B282BBF6800C28E04 /* EventsListViewController.xib in Resources */ = {isa = PBXBuildFile; fileRef = 9097C669282BBF6800C28E04 /* EventsListViewController.xib */; };
		9097C671282BBFBD00C28E04 /* HomeContract.swift in Sources */ = {isa = PBXBuildFile; fileRef = 9097C670282BBFBD00C28E04 /* HomeContract.swift */; };
		9097C673282BBFC200C28E04 /* HomePresenter.swift in Sources */ = {isa = PBXBuildFile; fileRef = 9097C672282BBFC200C28E04 /* HomePresenter.swift */; };
		9097C676282BBFC800C28E04 /* HomeViewController.swift in Sources */ = {isa = PBXBuildFile; fileRef = 9097C674282BBFC800C28E04 /* HomeViewController.swift */; };
		9097C677282BBFC800C28E04 /* HomeViewController.xib in Resources */ = {isa = PBXBuildFile; fileRef = 9097C675282BBFC800C28E04 /* HomeViewController.xib */; };
		9097C679282BC06400C28E04 /* AppRouter.swift in Sources */ = {isa = PBXBuildFile; fileRef = 9097C678282BC06400C28E04 /* AppRouter.swift */; };
		9097C67B282BC07600C28E04 /* AppDependencies.swift in Sources */ = {isa = PBXBuildFile; fileRef = 9097C67A282BC07600C28E04 /* AppDependencies.swift */; };
		9097C684282BDF3600C28E04 /* Errors.swift in Sources */ = {isa = PBXBuildFile; fileRef = 9097C683282BDF3600C28E04 /* Errors.swift */; };
		9097C686282BDF4C00C28E04 /* EventsListUseCase.swift in Sources */ = {isa = PBXBuildFile; fileRef = 9097C685282BDF4C00C28E04 /* EventsListUseCase.swift */; };
		9097C688282BDF5000C28E04 /* Event.swift in Sources */ = {isa = PBXBuildFile; fileRef = 9097C687282BDF5000C28E04 /* Event.swift */; };
		9097C68B282BE75F00C28E04 /* EventDetailsUseCase.swift in Sources */ = {isa = PBXBuildFile; fileRef = 9097C68A282BE75F00C28E04 /* EventDetailsUseCase.swift */; };
		9097C68E282BE87C00C28E04 /* String+Extensions.swift in Sources */ = {isa = PBXBuildFile; fileRef = 9097C68D282BE87C00C28E04 /* String+Extensions.swift */; };
		9097C692282BF2B700C28E04 /* EventListTableViewCell.swift in Sources */ = {isa = PBXBuildFile; fileRef = 9097C690282BF2B700C28E04 /* EventListTableViewCell.swift */; };
		9097C693282BF2B700C28E04 /* EventListTableViewCell.xib in Resources */ = {isa = PBXBuildFile; fileRef = 9097C691282BF2B700C28E04 /* EventListTableViewCell.xib */; };
		9097C697282C37F400C28E04 /* SettingsContract.swift in Sources */ = {isa = PBXBuildFile; fileRef = 9097C696282C37F400C28E04 /* SettingsContract.swift */; };
		9097C699282C37FD00C28E04 /* SettingsPresenter.swift in Sources */ = {isa = PBXBuildFile; fileRef = 9097C698282C37FD00C28E04 /* SettingsPresenter.swift */; };
		9097C69C282C380800C28E04 /* SettingsViewController.swift in Sources */ = {isa = PBXBuildFile; fileRef = 9097C69A282C380800C28E04 /* SettingsViewController.swift */; };
		9097C69D282C380800C28E04 /* SettingsViewController.xib in Resources */ = {isa = PBXBuildFile; fileRef = 9097C69B282C380800C28E04 /* SettingsViewController.xib */; };
		9097C69F282C381300C28E04 /* SettingsRouter.swift in Sources */ = {isa = PBXBuildFile; fileRef = 9097C69E282C381300C28E04 /* SettingsRouter.swift */; };
		9097C6A1282C381B00C28E04 /* SettingsDependencies.swift in Sources */ = {isa = PBXBuildFile; fileRef = 9097C6A0282C381B00C28E04 /* SettingsDependencies.swift */; };
		9097C6A9282C39C100C28E04 /* MockEvent.swift in Sources */ = {isa = PBXBuildFile; fileRef = 9097C6A8282C39C100C28E04 /* MockEvent.swift */; };
		9097C6AC282C3A2D00C28E04 /* MockDateGenerator.swift in Sources */ = {isa = PBXBuildFile; fileRef = 9097C6AB282C3A2D00C28E04 /* MockDateGenerator.swift */; };
		9097C6AE282C3DB100C28E04 /* SettingsPresenterTests.swift in Sources */ = {isa = PBXBuildFile; fileRef = 9097C6AD282C3DB100C28E04 /* SettingsPresenterTests.swift */; };
		9097C6B0282C3DB900C28E04 /* EventsListPresenterTests.swift in Sources */ = {isa = PBXBuildFile; fileRef = 9097C6AF282C3DB900C28E04 /* EventsListPresenterTests.swift */; };
		9097C6B2282C3DC200C28E04 /* EventDetailsPresenterTests.swift in Sources */ = {isa = PBXBuildFile; fileRef = 9097C6B1282C3DC200C28E04 /* EventDetailsPresenterTests.swift */; };
		9097C6B4282C3DC900C28E04 /* BookEventPresenterTests.swift in Sources */ = {isa = PBXBuildFile; fileRef = 9097C6B3282C3DC900C28E04 /* BookEventPresenterTests.swift */; };
		9097C6B6282C3DCF00C28E04 /* HomePresenterTests.swift in Sources */ = {isa = PBXBuildFile; fileRef = 9097C6B5282C3DCF00C28E04 /* HomePresenterTests.swift */; };
		9097C6B8282D7B0000C28E04 /* MockEventDetailsUseCase.swift in Sources */ = {isa = PBXBuildFile; fileRef = 9097C6B7282D7B0000C28E04 /* MockEventDetailsUseCase.swift */; };
		9097C6BA282D7B0C00C28E04 /* MockHomeRouter.swift in Sources */ = {isa = PBXBuildFile; fileRef = 9097C6B9282D7B0C00C28E04 /* MockHomeRouter.swift */; };
		9097C6BC282D7BFA00C28E04 /* MockEventsListUseCase.swift in Sources */ = {isa = PBXBuildFile; fileRef = 9097C6BB282D7BFA00C28E04 /* MockEventsListUseCase.swift */; };
		9097C6BE282D7C2500C28E04 /* MockEventRouter.swift in Sources */ = {isa = PBXBuildFile; fileRef = 9097C6BD282D7C2500C28E04 /* MockEventRouter.swift */; };
		9097C6C0282D7CCD00C28E04 /* MockSettingsRouter.swift in Sources */ = {isa = PBXBuildFile; fileRef = 9097C6BF282D7CCD00C28E04 /* MockSettingsRouter.swift */; };
		9097C6C2282D7F8800C28E04 /* AppRouterTests.swift in Sources */ = {isa = PBXBuildFile; fileRef = 9097C6C1282D7F8800C28E04 /* AppRouterTests.swift */; };
		9097C6C4282E488100C28E04 /* MockNavController.swift in Sources */ = {isa = PBXBuildFile; fileRef = 9097C6C3282E488100C28E04 /* MockNavController.swift */; };
		9097C6C6282E6EB400C28E04 /* AnalyticsManager.swift in Sources */ = {isa = PBXBuildFile; fileRef = 9097C6C5282E6EB400C28E04 /* AnalyticsManager.swift */; };
		9097C6C8282E701A00C28E04 /* MockAnalyticsManager.swift in Sources */ = {isa = PBXBuildFile; fileRef = 9097C6C7282E701A00C28E04 /* MockAnalyticsManager.swift */; };
		9097C6CA282E80D000C28E04 /* HomeRouterTests.swift in Sources */ = {isa = PBXBuildFile; fileRef = 9097C6C9282E80D000C28E04 /* HomeRouterTests.swift */; };
		9097C6CC282E845D00C28E04 /* EventRouterTests.swift in Sources */ = {isa = PBXBuildFile; fileRef = 9097C6CB282E845D00C28E04 /* EventRouterTests.swift */; };
		9097C6CE282E85D300C28E04 /* SettingsRouterTests.swift in Sources */ = {isa = PBXBuildFile; fileRef = 9097C6CD282E85D300C28E04 /* SettingsRouterTests.swift */; };
		9097C6D0282E8E4200C28E04 /* EventsListUseCaseTests.swift in Sources */ = {isa = PBXBuildFile; fileRef = 9097C6CF282E8E4200C28E04 /* EventsListUseCaseTests.swift */; };
		9097C6D2282E909A00C28E04 /* EventDetailsUseCaseTests.swift in Sources */ = {isa = PBXBuildFile; fileRef = 9097C6D1282E909A00C28E04 /* EventDetailsUseCaseTests.swift */; };
/* End PBXBuildFile section */

/* Begin PBXContainerItemProxy section */
		9097C625282BBE5D00C28E04 /* PBXContainerItemProxy */ = {
			isa = PBXContainerItemProxy;
			containerPortal = 9097C606282BBE5C00C28E04 /* Project object */;
			proxyType = 1;
			remoteGlobalIDString = 9097C60D282BBE5C00C28E04;
			remoteInfo = VampireArch;
		};
/* End PBXContainerItemProxy section */

/* Begin PBXFileReference section */
		9097C60E282BBE5C00C28E04 /* VampireArch.app */ = {isa = PBXFileReference; explicitFileType = wrapper.application; includeInIndex = 0; path = VampireArch.app; sourceTree = BUILT_PRODUCTS_DIR; };
		9097C611282BBE5C00C28E04 /* AppDelegate.swift */ = {isa = PBXFileReference; lastKnownFileType = sourcecode.swift; path = AppDelegate.swift; sourceTree = "<group>"; };
		9097C613282BBE5C00C28E04 /* SceneDelegate.swift */ = {isa = PBXFileReference; lastKnownFileType = sourcecode.swift; path = SceneDelegate.swift; sourceTree = "<group>"; };
		9097C61A282BBE5D00C28E04 /* Assets.xcassets */ = {isa = PBXFileReference; lastKnownFileType = folder.assetcatalog; path = Assets.xcassets; sourceTree = "<group>"; };
		9097C61D282BBE5D00C28E04 /* Base */ = {isa = PBXFileReference; lastKnownFileType = file.storyboard; name = Base; path = Base.lproj/LaunchScreen.storyboard; sourceTree = "<group>"; };
		9097C61F282BBE5D00C28E04 /* Info.plist */ = {isa = PBXFileReference; lastKnownFileType = text.plist.xml; path = Info.plist; sourceTree = "<group>"; };
		9097C624282BBE5D00C28E04 /* VampireArchTests.xctest */ = {isa = PBXFileReference; explicitFileType = wrapper.cfbundle; includeInIndex = 0; path = VampireArchTests.xctest; sourceTree = BUILT_PRODUCTS_DIR; };
		9097C64C282BBEE600C28E04 /* EventRouter.swift */ = {isa = PBXFileReference; lastKnownFileType = sourcecode.swift; path = EventRouter.swift; sourceTree = "<group>"; };
		9097C64E282BBEED00C28E04 /* HomeRouter.swift */ = {isa = PBXFileReference; lastKnownFileType = sourcecode.swift; path = HomeRouter.swift; sourceTree = "<group>"; };
		9097C650282BBEF600C28E04 /* EventsDependencies.swift */ = {isa = PBXFileReference; lastKnownFileType = sourcecode.swift; path = EventsDependencies.swift; sourceTree = "<group>"; };
		9097C652282BBEFC00C28E04 /* HomeDependencies.swift */ = {isa = PBXFileReference; lastKnownFileType = sourcecode.swift; path = HomeDependencies.swift; sourceTree = "<group>"; };
		9097C654282BBF0A00C28E04 /* BookEventContract.swift */ = {isa = PBXFileReference; lastKnownFileType = sourcecode.swift; path = BookEventContract.swift; sourceTree = "<group>"; };
		9097C656282BBF0F00C28E04 /* BookEventPresenter.swift */ = {isa = PBXFileReference; lastKnownFileType = sourcecode.swift; path = BookEventPresenter.swift; sourceTree = "<group>"; };
		9097C658282BBF1C00C28E04 /* BookEventViewController.swift */ = {isa = PBXFileReference; lastKnownFileType = sourcecode.swift; path = BookEventViewController.swift; sourceTree = "<group>"; };
		9097C659282BBF1C00C28E04 /* BookEventViewController.xib */ = {isa = PBXFileReference; lastKnownFileType = file.xib; path = BookEventViewController.xib; sourceTree = "<group>"; };
		9097C65C282BBF3400C28E04 /* EventDetailsContract.swift */ = {isa = PBXFileReference; lastKnownFileType = sourcecode.swift; path = EventDetailsContract.swift; sourceTree = "<group>"; };
		9097C65E282BBF3A00C28E04 /* EventDetailsPresenter.swift */ = {isa = PBXFileReference; lastKnownFileType = sourcecode.swift; path = EventDetailsPresenter.swift; sourceTree = "<group>"; };
		9097C660282BBF4600C28E04 /* EventDetailsViewController.swift */ = {isa = PBXFileReference; lastKnownFileType = sourcecode.swift; path = EventDetailsViewController.swift; sourceTree = "<group>"; };
		9097C661282BBF4600C28E04 /* EventDetailsViewController.xib */ = {isa = PBXFileReference; lastKnownFileType = file.xib; path = EventDetailsViewController.xib; sourceTree = "<group>"; };
		9097C664282BBF5B00C28E04 /* EventsListContract.swift */ = {isa = PBXFileReference; lastKnownFileType = sourcecode.swift; path = EventsListContract.swift; sourceTree = "<group>"; };
		9097C666282BBF6000C28E04 /* EventsListPresenter.swift */ = {isa = PBXFileReference; lastKnownFileType = sourcecode.swift; path = EventsListPresenter.swift; sourceTree = "<group>"; };
		9097C668282BBF6800C28E04 /* EventsListViewController.swift */ = {isa = PBXFileReference; lastKnownFileType = sourcecode.swift; path = EventsListViewController.swift; sourceTree = "<group>"; };
		9097C669282BBF6800C28E04 /* EventsListViewController.xib */ = {isa = PBXFileReference; lastKnownFileType = file.xib; path = EventsListViewController.xib; sourceTree = "<group>"; };
		9097C670282BBFBD00C28E04 /* HomeContract.swift */ = {isa = PBXFileReference; lastKnownFileType = sourcecode.swift; path = HomeContract.swift; sourceTree = "<group>"; };
		9097C672282BBFC200C28E04 /* HomePresenter.swift */ = {isa = PBXFileReference; lastKnownFileType = sourcecode.swift; path = HomePresenter.swift; sourceTree = "<group>"; };
		9097C674282BBFC800C28E04 /* HomeViewController.swift */ = {isa = PBXFileReference; lastKnownFileType = sourcecode.swift; path = HomeViewController.swift; sourceTree = "<group>"; };
		9097C675282BBFC800C28E04 /* HomeViewController.xib */ = {isa = PBXFileReference; lastKnownFileType = file.xib; path = HomeViewController.xib; sourceTree = "<group>"; };
		9097C678282BC06400C28E04 /* AppRouter.swift */ = {isa = PBXFileReference; lastKnownFileType = sourcecode.swift; path = AppRouter.swift; sourceTree = "<group>"; };
		9097C67A282BC07600C28E04 /* AppDependencies.swift */ = {isa = PBXFileReference; lastKnownFileType = sourcecode.swift; path = AppDependencies.swift; sourceTree = "<group>"; };
		9097C683282BDF3600C28E04 /* Errors.swift */ = {isa = PBXFileReference; lastKnownFileType = sourcecode.swift; path = Errors.swift; sourceTree = "<group>"; };
		9097C685282BDF4C00C28E04 /* EventsListUseCase.swift */ = {isa = PBXFileReference; lastKnownFileType = sourcecode.swift; path = EventsListUseCase.swift; sourceTree = "<group>"; };
		9097C687282BDF5000C28E04 /* Event.swift */ = {isa = PBXFileReference; lastKnownFileType = sourcecode.swift; path = Event.swift; sourceTree = "<group>"; };
		9097C68A282BE75F00C28E04 /* EventDetailsUseCase.swift */ = {isa = PBXFileReference; lastKnownFileType = sourcecode.swift; path = EventDetailsUseCase.swift; sourceTree = "<group>"; };
		9097C68D282BE87C00C28E04 /* String+Extensions.swift */ = {isa = PBXFileReference; lastKnownFileType = sourcecode.swift; path = "String+Extensions.swift"; sourceTree = "<group>"; };
		9097C690282BF2B700C28E04 /* EventListTableViewCell.swift */ = {isa = PBXFileReference; lastKnownFileType = sourcecode.swift; path = EventListTableViewCell.swift; sourceTree = "<group>"; };
		9097C691282BF2B700C28E04 /* EventListTableViewCell.xib */ = {isa = PBXFileReference; lastKnownFileType = file.xib; path = EventListTableViewCell.xib; sourceTree = "<group>"; };
		9097C696282C37F400C28E04 /* SettingsContract.swift */ = {isa = PBXFileReference; lastKnownFileType = sourcecode.swift; path = SettingsContract.swift; sourceTree = "<group>"; };
		9097C698282C37FD00C28E04 /* SettingsPresenter.swift */ = {isa = PBXFileReference; lastKnownFileType = sourcecode.swift; path = SettingsPresenter.swift; sourceTree = "<group>"; };
		9097C69A282C380800C28E04 /* SettingsViewController.swift */ = {isa = PBXFileReference; lastKnownFileType = sourcecode.swift; path = SettingsViewController.swift; sourceTree = "<group>"; };
		9097C69B282C380800C28E04 /* SettingsViewController.xib */ = {isa = PBXFileReference; lastKnownFileType = file.xib; path = SettingsViewController.xib; sourceTree = "<group>"; };
		9097C69E282C381300C28E04 /* SettingsRouter.swift */ = {isa = PBXFileReference; lastKnownFileType = sourcecode.swift; path = SettingsRouter.swift; sourceTree = "<group>"; };
		9097C6A0282C381B00C28E04 /* SettingsDependencies.swift */ = {isa = PBXFileReference; lastKnownFileType = sourcecode.swift; path = SettingsDependencies.swift; sourceTree = "<group>"; };
		9097C6A8282C39C100C28E04 /* MockEvent.swift */ = {isa = PBXFileReference; lastKnownFileType = sourcecode.swift; path = MockEvent.swift; sourceTree = "<group>"; };
		9097C6AB282C3A2D00C28E04 /* MockDateGenerator.swift */ = {isa = PBXFileReference; lastKnownFileType = sourcecode.swift; path = MockDateGenerator.swift; sourceTree = "<group>"; };
		9097C6AD282C3DB100C28E04 /* SettingsPresenterTests.swift */ = {isa = PBXFileReference; lastKnownFileType = sourcecode.swift; path = SettingsPresenterTests.swift; sourceTree = "<group>"; };
		9097C6AF282C3DB900C28E04 /* EventsListPresenterTests.swift */ = {isa = PBXFileReference; lastKnownFileType = sourcecode.swift; path = EventsListPresenterTests.swift; sourceTree = "<group>"; };
		9097C6B1282C3DC200C28E04 /* EventDetailsPresenterTests.swift */ = {isa = PBXFileReference; lastKnownFileType = sourcecode.swift; path = EventDetailsPresenterTests.swift; sourceTree = "<group>"; };
		9097C6B3282C3DC900C28E04 /* BookEventPresenterTests.swift */ = {isa = PBXFileReference; lastKnownFileType = sourcecode.swift; path = BookEventPresenterTests.swift; sourceTree = "<group>"; };
		9097C6B5282C3DCF00C28E04 /* HomePresenterTests.swift */ = {isa = PBXFileReference; lastKnownFileType = sourcecode.swift; path = HomePresenterTests.swift; sourceTree = "<group>"; };
		9097C6B7282D7B0000C28E04 /* MockEventDetailsUseCase.swift */ = {isa = PBXFileReference; lastKnownFileType = sourcecode.swift; path = MockEventDetailsUseCase.swift; sourceTree = "<group>"; };
		9097C6B9282D7B0C00C28E04 /* MockHomeRouter.swift */ = {isa = PBXFileReference; lastKnownFileType = sourcecode.swift; path = MockHomeRouter.swift; sourceTree = "<group>"; };
		9097C6BB282D7BFA00C28E04 /* MockEventsListUseCase.swift */ = {isa = PBXFileReference; lastKnownFileType = sourcecode.swift; path = MockEventsListUseCase.swift; sourceTree = "<group>"; };
		9097C6BD282D7C2500C28E04 /* MockEventRouter.swift */ = {isa = PBXFileReference; lastKnownFileType = sourcecode.swift; path = MockEventRouter.swift; sourceTree = "<group>"; };
		9097C6BF282D7CCD00C28E04 /* MockSettingsRouter.swift */ = {isa = PBXFileReference; lastKnownFileType = sourcecode.swift; path = MockSettingsRouter.swift; sourceTree = "<group>"; };
		9097C6C1282D7F8800C28E04 /* AppRouterTests.swift */ = {isa = PBXFileReference; lastKnownFileType = sourcecode.swift; path = AppRouterTests.swift; sourceTree = "<group>"; };
		9097C6C3282E488100C28E04 /* MockNavController.swift */ = {isa = PBXFileReference; lastKnownFileType = sourcecode.swift; path = MockNavController.swift; sourceTree = "<group>"; };
		9097C6C5282E6EB400C28E04 /* AnalyticsManager.swift */ = {isa = PBXFileReference; lastKnownFileType = sourcecode.swift; path = AnalyticsManager.swift; sourceTree = "<group>"; };
		9097C6C7282E701A00C28E04 /* MockAnalyticsManager.swift */ = {isa = PBXFileReference; lastKnownFileType = sourcecode.swift; path = MockAnalyticsManager.swift; sourceTree = "<group>"; };
		9097C6C9282E80D000C28E04 /* HomeRouterTests.swift */ = {isa = PBXFileReference; lastKnownFileType = sourcecode.swift; path = HomeRouterTests.swift; sourceTree = "<group>"; };
		9097C6CB282E845D00C28E04 /* EventRouterTests.swift */ = {isa = PBXFileReference; lastKnownFileType = sourcecode.swift; path = EventRouterTests.swift; sourceTree = "<group>"; };
		9097C6CD282E85D300C28E04 /* SettingsRouterTests.swift */ = {isa = PBXFileReference; lastKnownFileType = sourcecode.swift; path = SettingsRouterTests.swift; sourceTree = "<group>"; };
		9097C6CF282E8E4200C28E04 /* EventsListUseCaseTests.swift */ = {isa = PBXFileReference; lastKnownFileType = sourcecode.swift; path = EventsListUseCaseTests.swift; sourceTree = "<group>"; };
		9097C6D1282E909A00C28E04 /* EventDetailsUseCaseTests.swift */ = {isa = PBXFileReference; lastKnownFileType = sourcecode.swift; path = EventDetailsUseCaseTests.swift; sourceTree = "<group>"; };
/* End PBXFileReference section */

/* Begin PBXFrameworksBuildPhase section */
		9097C60B282BBE5C00C28E04 /* Frameworks */ = {
			isa = PBXFrameworksBuildPhase;
			buildActionMask = 2147483647;
			files = (
			);
			runOnlyForDeploymentPostprocessing = 0;
		};
		9097C621282BBE5D00C28E04 /* Frameworks */ = {
			isa = PBXFrameworksBuildPhase;
			buildActionMask = 2147483647;
			files = (
			);
			runOnlyForDeploymentPostprocessing = 0;
		};
/* End PBXFrameworksBuildPhase section */

/* Begin PBXGroup section */
		903BA76A283512D500213629 /* Managers */ = {
			isa = PBXGroup;
			children = (
				9097C6C5282E6EB400C28E04 /* AnalyticsManager.swift */,
			);
			path = Managers;
			sourceTree = "<group>";
		};
		9097C605282BBE5C00C28E04 = {
			isa = PBXGroup;
			children = (
				9097C610282BBE5C00C28E04 /* VampireArch */,
				9097C627282BBE5D00C28E04 /* VampireArchTests */,
				9097C60F282BBE5C00C28E04 /* Products */,
			);
			sourceTree = "<group>";
		};
		9097C60F282BBE5C00C28E04 /* Products */ = {
			isa = PBXGroup;
			children = (
				9097C60E282BBE5C00C28E04 /* VampireArch.app */,
				9097C624282BBE5D00C28E04 /* VampireArchTests.xctest */,
			);
			name = Products;
			sourceTree = "<group>";
		};
		9097C610282BBE5C00C28E04 /* VampireArch */ = {
			isa = PBXGroup;
			children = (
				9097C66E282BBF8B00C28E04 /* Sources */,
				9097C66F282BBFA000C28E04 /* Resources */,
				9097C61C282BBE5D00C28E04 /* LaunchScreen.storyboard */,
				9097C61F282BBE5D00C28E04 /* Info.plist */,
			);
			path = VampireArch;
			sourceTree = "<group>";
		};
		9097C627282BBE5D00C28E04 /* VampireArchTests */ = {
			isa = PBXGroup;
			children = (
				9097C6AA282C3A2400C28E04 /* Helpers */,
				9097C6A7282C39B700C28E04 /* Mocks */,
				9097C6A6282C39AE00C28E04 /* AppCommons */,
				9097C6A2282C398800C28E04 /* Sections */,
			);
			path = VampireArchTests;
			sourceTree = "<group>";
		};
		9097C641282BBE7100C28E04 /* AppCommons */ = {
			isa = PBXGroup;
			children = (
				903BA76A283512D500213629 /* Managers */,
				9097C67C282BDEFC00C28E04 /* Domain */,
				9097C678282BC06400C28E04 /* AppRouter.swift */,
				9097C67A282BC07600C28E04 /* AppDependencies.swift */,
				9097C611282BBE5C00C28E04 /* AppDelegate.swift */,
				9097C613282BBE5C00C28E04 /* SceneDelegate.swift */,
			);
			path = AppCommons;
			sourceTree = "<group>";
		};
		9097C642282BBE7800C28E04 /* Sections */ = {
			isa = PBXGroup;
			children = (
				9097C644282BBE8D00C28E04 /* Home */,
				9097C645282BBE9400C28E04 /* Events */,
				9097C694282C37D600C28E04 /* Settings */,
			);
			path = Sections;
			sourceTree = "<group>";
		};
		9097C644282BBE8D00C28E04 /* Home */ = {
			isa = PBXGroup;
			children = (
				9097C66D282BBF8200C28E04 /* Scenes */,
				9097C64E282BBEED00C28E04 /* HomeRouter.swift */,
				9097C652282BBEFC00C28E04 /* HomeDependencies.swift */,
			);
			path = Home;
			sourceTree = "<group>";
		};
		9097C645282BBE9400C28E04 /* Events */ = {
			isa = PBXGroup;
			children = (
				9097C689282BE74600C28E04 /* UseCase */,
				9097C66C282BBF7A00C28E04 /* Scenes */,
				9097C64C282BBEE600C28E04 /* EventRouter.swift */,
				9097C650282BBEF600C28E04 /* EventsDependencies.swift */,
			);
			path = Events;
			sourceTree = "<group>";
		};
		9097C648282BBEA700C28E04 /* Home */ = {
			isa = PBXGroup;
			children = (
				9097C670282BBFBD00C28E04 /* HomeContract.swift */,
				9097C672282BBFC200C28E04 /* HomePresenter.swift */,
				9097C674282BBFC800C28E04 /* HomeViewController.swift */,
				9097C675282BBFC800C28E04 /* HomeViewController.xib */,
			);
			path = Home;
			sourceTree = "<group>";
		};
		9097C649282BBEAB00C28E04 /* EventsList */ = {
			isa = PBXGroup;
			children = (
				9097C68F282BF2A800C28E04 /* TableViewCell */,
				9097C664282BBF5B00C28E04 /* EventsListContract.swift */,
				9097C666282BBF6000C28E04 /* EventsListPresenter.swift */,
				9097C668282BBF6800C28E04 /* EventsListViewController.swift */,
				9097C669282BBF6800C28E04 /* EventsListViewController.xib */,
			);
			name = EventsList;
			sourceTree = "<group>";
		};
		9097C64A282BBEB800C28E04 /* EventDetails */ = {
			isa = PBXGroup;
			children = (
				9097C65C282BBF3400C28E04 /* EventDetailsContract.swift */,
				9097C65E282BBF3A00C28E04 /* EventDetailsPresenter.swift */,
				9097C660282BBF4600C28E04 /* EventDetailsViewController.swift */,
				9097C661282BBF4600C28E04 /* EventDetailsViewController.xib */,
			);
			name = EventDetails;
			sourceTree = "<group>";
		};
		9097C64B282BBECF00C28E04 /* BookEvent */ = {
			isa = PBXGroup;
			children = (
				9097C654282BBF0A00C28E04 /* BookEventContract.swift */,
				9097C656282BBF0F00C28E04 /* BookEventPresenter.swift */,
				9097C658282BBF1C00C28E04 /* BookEventViewController.swift */,
				9097C659282BBF1C00C28E04 /* BookEventViewController.xib */,
			);
			name = BookEvent;
			sourceTree = "<group>";
		};
		9097C66C282BBF7A00C28E04 /* Scenes */ = {
			isa = PBXGroup;
			children = (
				9097C64B282BBECF00C28E04 /* BookEvent */,
				9097C64A282BBEB800C28E04 /* EventDetails */,
				9097C649282BBEAB00C28E04 /* EventsList */,
			);
			name = Scenes;
			sourceTree = "<group>";
		};
		9097C66D282BBF8200C28E04 /* Scenes */ = {
			isa = PBXGroup;
			children = (
				9097C648282BBEA700C28E04 /* Home */,
			);
			path = Scenes;
			sourceTree = "<group>";
		};
		9097C66E282BBF8B00C28E04 /* Sources */ = {
			isa = PBXGroup;
			children = (
				9097C68C282BE87400C28E04 /* Extensions */,
				9097C641282BBE7100C28E04 /* AppCommons */,
				9097C642282BBE7800C28E04 /* Sections */,
			);
			path = Sources;
			sourceTree = "<group>";
		};
		9097C66F282BBFA000C28E04 /* Resources */ = {
			isa = PBXGroup;
			children = (
				9097C61A282BBE5D00C28E04 /* Assets.xcassets */,
			);
			path = Resources;
			sourceTree = "<group>";
		};
		9097C67C282BDEFC00C28E04 /* Domain */ = {
			isa = PBXGroup;
			children = (
				9097C682282BDF3000C28E04 /* Errors */,
				9097C67E282BDF0600C28E04 /* UseCase */,
				9097C67D282BDF0100C28E04 /* Entities */,
			);
			path = Domain;
			sourceTree = "<group>";
		};
		9097C67D282BDF0100C28E04 /* Entities */ = {
			isa = PBXGroup;
			children = (
				9097C687282BDF5000C28E04 /* Event.swift */,
			);
			path = Entities;
			sourceTree = "<group>";
		};
		9097C67E282BDF0600C28E04 /* UseCase */ = {
			isa = PBXGroup;
			children = (
				9097C68A282BE75F00C28E04 /* EventDetailsUseCase.swift */,
			);
			path = UseCase;
			sourceTree = "<group>";
		};
		9097C682282BDF3000C28E04 /* Errors */ = {
			isa = PBXGroup;
			children = (
				9097C683282BDF3600C28E04 /* Errors.swift */,
			);
			path = Errors;
			sourceTree = "<group>";
		};
		9097C689282BE74600C28E04 /* UseCase */ = {
			isa = PBXGroup;
			children = (
				9097C685282BDF4C00C28E04 /* EventsListUseCase.swift */,
			);
			name = UseCase;
			sourceTree = "<group>";
		};
		9097C68C282BE87400C28E04 /* Extensions */ = {
			isa = PBXGroup;
			children = (
				9097C68D282BE87C00C28E04 /* String+Extensions.swift */,
			);
			path = Extensions;
			sourceTree = "<group>";
		};
		9097C68F282BF2A800C28E04 /* TableViewCell */ = {
			isa = PBXGroup;
			children = (
				9097C690282BF2B700C28E04 /* EventListTableViewCell.swift */,
				9097C691282BF2B700C28E04 /* EventListTableViewCell.xib */,
			);
			name = TableViewCell;
			sourceTree = "<group>";
		};
		9097C694282C37D600C28E04 /* Settings */ = {
			isa = PBXGroup;
			children = (
				9097C695282C37E300C28E04 /* Scenes */,
				9097C69E282C381300C28E04 /* SettingsRouter.swift */,
				9097C6A0282C381B00C28E04 /* SettingsDependencies.swift */,
			);
			path = Settings;
			sourceTree = "<group>";
		};
		9097C695282C37E300C28E04 /* Scenes */ = {
			isa = PBXGroup;
			children = (
				9097C696282C37F400C28E04 /* SettingsContract.swift */,
				9097C698282C37FD00C28E04 /* SettingsPresenter.swift */,
				9097C69A282C380800C28E04 /* SettingsViewController.swift */,
				9097C69B282C380800C28E04 /* SettingsViewController.xib */,
			);
			path = Scenes;
			sourceTree = "<group>";
		};
		9097C6A2282C398800C28E04 /* Sections */ = {
			isa = PBXGroup;
			children = (
				9097C6A3282C399100C28E04 /* Home */,
				9097C6A4282C399700C28E04 /* Events */,
				9097C6A5282C399C00C28E04 /* Settings */,
			);
			path = Sections;
			sourceTree = "<group>";
		};
		9097C6A3282C399100C28E04 /* Home */ = {
			isa = PBXGroup;
			children = (
				9097C6B5282C3DCF00C28E04 /* HomePresenterTests.swift */,
				9097C6C9282E80D000C28E04 /* HomeRouterTests.swift */,
			);
			path = Home;
			sourceTree = "<group>";
		};
		9097C6A4282C399700C28E04 /* Events */ = {
			isa = PBXGroup;
			children = (
				9097C6AF282C3DB900C28E04 /* EventsListPresenterTests.swift */,
				9097C6B1282C3DC200C28E04 /* EventDetailsPresenterTests.swift */,
				9097C6B3282C3DC900C28E04 /* BookEventPresenterTests.swift */,
				9097C6CB282E845D00C28E04 /* EventRouterTests.swift */,
				9097C6CF282E8E4200C28E04 /* EventsListUseCaseTests.swift */,
			);
			path = Events;
			sourceTree = "<group>";
		};
		9097C6A5282C399C00C28E04 /* Settings */ = {
			isa = PBXGroup;
			children = (
				9097C6AD282C3DB100C28E04 /* SettingsPresenterTests.swift */,
				9097C6CD282E85D300C28E04 /* SettingsRouterTests.swift */,
			);
			path = Settings;
			sourceTree = "<group>";
		};
		9097C6A6282C39AE00C28E04 /* AppCommons */ = {
			isa = PBXGroup;
			children = (
				9097C6C1282D7F8800C28E04 /* AppRouterTests.swift */,
				9097C6D1282E909A00C28E04 /* EventDetailsUseCaseTests.swift */,
			);
			path = AppCommons;
			sourceTree = "<group>";
		};
		9097C6A7282C39B700C28E04 /* Mocks */ = {
			isa = PBXGroup;
			children = (
				9097C6A8282C39C100C28E04 /* MockEvent.swift */,
				9097C6B9282D7B0C00C28E04 /* MockHomeRouter.swift */,
				9097C6B7282D7B0000C28E04 /* MockEventDetailsUseCase.swift */,
				9097C6BB282D7BFA00C28E04 /* MockEventsListUseCase.swift */,
				9097C6BD282D7C2500C28E04 /* MockEventRouter.swift */,
				9097C6BF282D7CCD00C28E04 /* MockSettingsRouter.swift */,
				9097C6C3282E488100C28E04 /* MockNavController.swift */,
				9097C6C7282E701A00C28E04 /* MockAnalyticsManager.swift */,
			);
			path = Mocks;
			sourceTree = "<group>";
		};
		9097C6AA282C3A2400C28E04 /* Helpers */ = {
			isa = PBXGroup;
			children = (
				9097C6AB282C3A2D00C28E04 /* MockDateGenerator.swift */,
			);
			path = Helpers;
			sourceTree = "<group>";
		};
/* End PBXGroup section */

/* Begin PBXNativeTarget section */
		9097C60D282BBE5C00C28E04 /* VampireArch */ = {
			isa = PBXNativeTarget;
			buildConfigurationList = 9097C638282BBE5D00C28E04 /* Build configuration list for PBXNativeTarget "VampireArch" */;
			buildPhases = (
				9097C60A282BBE5C00C28E04 /* Sources */,
				9097C60B282BBE5C00C28E04 /* Frameworks */,
				9097C60C282BBE5C00C28E04 /* Resources */,
			);
			buildRules = (
			);
			dependencies = (
			);
			name = VampireArch;
			productName = VampireArch;
			productReference = 9097C60E282BBE5C00C28E04 /* VampireArch.app */;
			productType = "com.apple.product-type.application";
		};
		9097C623282BBE5D00C28E04 /* VampireArchTests */ = {
			isa = PBXNativeTarget;
			buildConfigurationList = 9097C63B282BBE5D00C28E04 /* Build configuration list for PBXNativeTarget "VampireArchTests" */;
			buildPhases = (
				9097C620282BBE5D00C28E04 /* Sources */,
				9097C621282BBE5D00C28E04 /* Frameworks */,
				9097C622282BBE5D00C28E04 /* Resources */,
			);
			buildRules = (
			);
			dependencies = (
				9097C626282BBE5D00C28E04 /* PBXTargetDependency */,
			);
			name = VampireArchTests;
			productName = VampireArchTests;
			productReference = 9097C624282BBE5D00C28E04 /* VampireArchTests.xctest */;
			productType = "com.apple.product-type.bundle.unit-test";
		};
/* End PBXNativeTarget section */

/* Begin PBXProject section */
		9097C606282BBE5C00C28E04 /* Project object */ = {
			isa = PBXProject;
			attributes = {
				BuildIndependentTargetsInParallel = 1;
				LastSwiftUpdateCheck = 1320;
				LastUpgradeCheck = 1320;
				TargetAttributes = {
					9097C60D282BBE5C00C28E04 = {
						CreatedOnToolsVersion = 13.2.1;
					};
					9097C623282BBE5D00C28E04 = {
						CreatedOnToolsVersion = 13.2.1;
						LastSwiftMigration = 1320;
						TestTargetID = 9097C60D282BBE5C00C28E04;
					};
				};
			};
			buildConfigurationList = 9097C609282BBE5C00C28E04 /* Build configuration list for PBXProject "VampireArch" */;
			compatibilityVersion = "Xcode 13.0";
			developmentRegion = en;
			hasScannedForEncodings = 0;
			knownRegions = (
				en,
				Base,
			);
			mainGroup = 9097C605282BBE5C00C28E04;
			productRefGroup = 9097C60F282BBE5C00C28E04 /* Products */;
			projectDirPath = "";
			projectRoot = "";
			targets = (
				9097C60D282BBE5C00C28E04 /* VampireArch */,
				9097C623282BBE5D00C28E04 /* VampireArchTests */,
			);
		};
/* End PBXProject section */

/* Begin PBXResourcesBuildPhase section */
		9097C60C282BBE5C00C28E04 /* Resources */ = {
			isa = PBXResourcesBuildPhase;
			buildActionMask = 2147483647;
			files = (
				9097C65B282BBF1C00C28E04 /* BookEventViewController.xib in Resources */,
				9097C693282BF2B700C28E04 /* EventListTableViewCell.xib in Resources */,
				9097C66B282BBF6800C28E04 /* EventsListViewController.xib in Resources */,
				9097C69D282C380800C28E04 /* SettingsViewController.xib in Resources */,
				9097C61E282BBE5D00C28E04 /* LaunchScreen.storyboard in Resources */,
				9097C61B282BBE5D00C28E04 /* Assets.xcassets in Resources */,
				9097C663282BBF4600C28E04 /* EventDetailsViewController.xib in Resources */,
				9097C677282BBFC800C28E04 /* HomeViewController.xib in Resources */,
			);
			runOnlyForDeploymentPostprocessing = 0;
		};
		9097C622282BBE5D00C28E04 /* Resources */ = {
			isa = PBXResourcesBuildPhase;
			buildActionMask = 2147483647;
			files = (
			);
			runOnlyForDeploymentPostprocessing = 0;
		};
/* End PBXResourcesBuildPhase section */

/* Begin PBXSourcesBuildPhase section */
		9097C60A282BBE5C00C28E04 /* Sources */ = {
			isa = PBXSourcesBuildPhase;
			buildActionMask = 2147483647;
			files = (
				9097C686282BDF4C00C28E04 /* EventsListUseCase.swift in Sources */,
				9097C665282BBF5B00C28E04 /* EventsListContract.swift in Sources */,
				9097C65D282BBF3400C28E04 /* EventDetailsContract.swift in Sources */,
				9097C679282BC06400C28E04 /* AppRouter.swift in Sources */,
				9097C662282BBF4600C28E04 /* EventDetailsViewController.swift in Sources */,
				9097C6A1282C381B00C28E04 /* SettingsDependencies.swift in Sources */,
				9097C68B282BE75F00C28E04 /* EventDetailsUseCase.swift in Sources */,
				9097C68E282BE87C00C28E04 /* String+Extensions.swift in Sources */,
				9097C65F282BBF3A00C28E04 /* EventDetailsPresenter.swift in Sources */,
				9097C671282BBFBD00C28E04 /* HomeContract.swift in Sources */,
				9097C69F282C381300C28E04 /* SettingsRouter.swift in Sources */,
				9097C676282BBFC800C28E04 /* HomeViewController.swift in Sources */,
				9097C612282BBE5C00C28E04 /* AppDelegate.swift in Sources */,
				9097C67B282BC07600C28E04 /* AppDependencies.swift in Sources */,
				9097C614282BBE5C00C28E04 /* SceneDelegate.swift in Sources */,
				9097C64D282BBEE600C28E04 /* EventRouter.swift in Sources */,
				9097C653282BBEFC00C28E04 /* HomeDependencies.swift in Sources */,
				9097C697282C37F400C28E04 /* SettingsContract.swift in Sources */,
				9097C6C6282E6EB400C28E04 /* AnalyticsManager.swift in Sources */,
				9097C66A282BBF6800C28E04 /* EventsListViewController.swift in Sources */,
				9097C657282BBF0F00C28E04 /* BookEventPresenter.swift in Sources */,
				9097C688282BDF5000C28E04 /* Event.swift in Sources */,
				9097C673282BBFC200C28E04 /* HomePresenter.swift in Sources */,
				9097C655282BBF0A00C28E04 /* BookEventContract.swift in Sources */,
				9097C692282BF2B700C28E04 /* EventListTableViewCell.swift in Sources */,
				9097C667282BBF6000C28E04 /* EventsListPresenter.swift in Sources */,
				9097C69C282C380800C28E04 /* SettingsViewController.swift in Sources */,
				9097C684282BDF3600C28E04 /* Errors.swift in Sources */,
				9097C64F282BBEED00C28E04 /* HomeRouter.swift in Sources */,
				9097C65A282BBF1C00C28E04 /* BookEventViewController.swift in Sources */,
				9097C651282BBEF600C28E04 /* EventsDependencies.swift in Sources */,
				9097C699282C37FD00C28E04 /* SettingsPresenter.swift in Sources */,
			);
			runOnlyForDeploymentPostprocessing = 0;
		};
		9097C620282BBE5D00C28E04 /* Sources */ = {
			isa = PBXSourcesBuildPhase;
			buildActionMask = 2147483647;
			files = (
				9097C6B4282C3DC900C28E04 /* BookEventPresenterTests.swift in Sources */,
				9097C6D2282E909A00C28E04 /* EventDetailsUseCaseTests.swift in Sources */,
				9097C6B2282C3DC200C28E04 /* EventDetailsPresenterTests.swift in Sources */,
				9097C6BC282D7BFA00C28E04 /* MockEventsListUseCase.swift in Sources */,
				9097C6CE282E85D300C28E04 /* SettingsRouterTests.swift in Sources */,
				9097C6BE282D7C2500C28E04 /* MockEventRouter.swift in Sources */,
				9097C6AE282C3DB100C28E04 /* SettingsPresenterTests.swift in Sources */,
				9097C6B8282D7B0000C28E04 /* MockEventDetailsUseCase.swift in Sources */,
				9097C6B6282C3DCF00C28E04 /* HomePresenterTests.swift in Sources */,
				9097C6B0282C3DB900C28E04 /* EventsListPresenterTests.swift in Sources */,
				9097C6A9282C39C100C28E04 /* MockEvent.swift in Sources */,
				9097C6BA282D7B0C00C28E04 /* MockHomeRouter.swift in Sources */,
				9097C6D0282E8E4200C28E04 /* EventsListUseCaseTests.swift in Sources */,
				9097C6AC282C3A2D00C28E04 /* MockDateGenerator.swift in Sources */,
				9097C6C0282D7CCD00C28E04 /* MockSettingsRouter.swift in Sources */,
				9097C6C2282D7F8800C28E04 /* AppRouterTests.swift in Sources */,
				9097C6CA282E80D000C28E04 /* HomeRouterTests.swift in Sources */,
				9097C6C8282E701A00C28E04 /* MockAnalyticsManager.swift in Sources */,
				9097C6C4282E488100C28E04 /* MockNavController.swift in Sources */,
				9097C6CC282E845D00C28E04 /* EventRouterTests.swift in Sources */,
			);
			runOnlyForDeploymentPostprocessing = 0;
		};
/* End PBXSourcesBuildPhase section */

/* Begin PBXTargetDependency section */
		9097C626282BBE5D00C28E04 /* PBXTargetDependency */ = {
			isa = PBXTargetDependency;
			target = 9097C60D282BBE5C00C28E04 /* VampireArch */;
			targetProxy = 9097C625282BBE5D00C28E04 /* PBXContainerItemProxy */;
		};
/* End PBXTargetDependency section */

/* Begin PBXVariantGroup section */
		9097C61C282BBE5D00C28E04 /* LaunchScreen.storyboard */ = {
			isa = PBXVariantGroup;
			children = (
				9097C61D282BBE5D00C28E04 /* Base */,
			);
			name = LaunchScreen.storyboard;
			sourceTree = "<group>";
		};
/* End PBXVariantGroup section */

/* Begin XCBuildConfiguration section */
		9097C636282BBE5D00C28E04 /* Debug */ = {
			isa = XCBuildConfiguration;
			buildSettings = {
				ALWAYS_SEARCH_USER_PATHS = NO;
				CLANG_ANALYZER_NONNULL = YES;
				CLANG_ANALYZER_NUMBER_OBJECT_CONVERSION = YES_AGGRESSIVE;
				CLANG_CXX_LANGUAGE_STANDARD = "gnu++17";
				CLANG_CXX_LIBRARY = "libc++";
				CLANG_ENABLE_MODULES = YES;
				CLANG_ENABLE_OBJC_ARC = YES;
				CLANG_ENABLE_OBJC_WEAK = YES;
				CLANG_WARN_BLOCK_CAPTURE_AUTORELEASING = YES;
				CLANG_WARN_BOOL_CONVERSION = YES;
				CLANG_WARN_COMMA = YES;
				CLANG_WARN_CONSTANT_CONVERSION = YES;
				CLANG_WARN_DEPRECATED_OBJC_IMPLEMENTATIONS = YES;
				CLANG_WARN_DIRECT_OBJC_ISA_USAGE = YES_ERROR;
				CLANG_WARN_DOCUMENTATION_COMMENTS = YES;
				CLANG_WARN_EMPTY_BODY = YES;
				CLANG_WARN_ENUM_CONVERSION = YES;
				CLANG_WARN_INFINITE_RECURSION = YES;
				CLANG_WARN_INT_CONVERSION = YES;
				CLANG_WARN_NON_LITERAL_NULL_CONVERSION = YES;
				CLANG_WARN_OBJC_IMPLICIT_RETAIN_SELF = YES;
				CLANG_WARN_OBJC_LITERAL_CONVERSION = YES;
				CLANG_WARN_OBJC_ROOT_CLASS = YES_ERROR;
				CLANG_WARN_QUOTED_INCLUDE_IN_FRAMEWORK_HEADER = YES;
				CLANG_WARN_RANGE_LOOP_ANALYSIS = YES;
				CLANG_WARN_STRICT_PROTOTYPES = YES;
				CLANG_WARN_SUSPICIOUS_MOVE = YES;
				CLANG_WARN_UNGUARDED_AVAILABILITY = YES_AGGRESSIVE;
				CLANG_WARN_UNREACHABLE_CODE = YES;
				CLANG_WARN__DUPLICATE_METHOD_MATCH = YES;
				COPY_PHASE_STRIP = NO;
				DEBUG_INFORMATION_FORMAT = dwarf;
				ENABLE_STRICT_OBJC_MSGSEND = YES;
				ENABLE_TESTABILITY = YES;
				GCC_C_LANGUAGE_STANDARD = gnu11;
				GCC_DYNAMIC_NO_PIC = NO;
				GCC_NO_COMMON_BLOCKS = YES;
				GCC_OPTIMIZATION_LEVEL = 0;
				GCC_PREPROCESSOR_DEFINITIONS = (
					"DEBUG=1",
					"$(inherited)",
				);
				GCC_WARN_64_TO_32_BIT_CONVERSION = YES;
				GCC_WARN_ABOUT_RETURN_TYPE = YES_ERROR;
				GCC_WARN_UNDECLARED_SELECTOR = YES;
				GCC_WARN_UNINITIALIZED_AUTOS = YES_AGGRESSIVE;
				GCC_WARN_UNUSED_FUNCTION = YES;
				GCC_WARN_UNUSED_VARIABLE = YES;
				IPHONEOS_DEPLOYMENT_TARGET = 15.2;
				MTL_ENABLE_DEBUG_INFO = INCLUDE_SOURCE;
				MTL_FAST_MATH = YES;
				ONLY_ACTIVE_ARCH = YES;
				SDKROOT = iphoneos;
				SWIFT_ACTIVE_COMPILATION_CONDITIONS = DEBUG;
				SWIFT_OPTIMIZATION_LEVEL = "-Onone";
			};
			name = Debug;
		};
		9097C637282BBE5D00C28E04 /* Release */ = {
			isa = XCBuildConfiguration;
			buildSettings = {
				ALWAYS_SEARCH_USER_PATHS = NO;
				CLANG_ANALYZER_NONNULL = YES;
				CLANG_ANALYZER_NUMBER_OBJECT_CONVERSION = YES_AGGRESSIVE;
				CLANG_CXX_LANGUAGE_STANDARD = "gnu++17";
				CLANG_CXX_LIBRARY = "libc++";
				CLANG_ENABLE_MODULES = YES;
				CLANG_ENABLE_OBJC_ARC = YES;
				CLANG_ENABLE_OBJC_WEAK = YES;
				CLANG_WARN_BLOCK_CAPTURE_AUTORELEASING = YES;
				CLANG_WARN_BOOL_CONVERSION = YES;
				CLANG_WARN_COMMA = YES;
				CLANG_WARN_CONSTANT_CONVERSION = YES;
				CLANG_WARN_DEPRECATED_OBJC_IMPLEMENTATIONS = YES;
				CLANG_WARN_DIRECT_OBJC_ISA_USAGE = YES_ERROR;
				CLANG_WARN_DOCUMENTATION_COMMENTS = YES;
				CLANG_WARN_EMPTY_BODY = YES;
				CLANG_WARN_ENUM_CONVERSION = YES;
				CLANG_WARN_INFINITE_RECURSION = YES;
				CLANG_WARN_INT_CONVERSION = YES;
				CLANG_WARN_NON_LITERAL_NULL_CONVERSION = YES;
				CLANG_WARN_OBJC_IMPLICIT_RETAIN_SELF = YES;
				CLANG_WARN_OBJC_LITERAL_CONVERSION = YES;
				CLANG_WARN_OBJC_ROOT_CLASS = YES_ERROR;
				CLANG_WARN_QUOTED_INCLUDE_IN_FRAMEWORK_HEADER = YES;
				CLANG_WARN_RANGE_LOOP_ANALYSIS = YES;
				CLANG_WARN_STRICT_PROTOTYPES = YES;
				CLANG_WARN_SUSPICIOUS_MOVE = YES;
				CLANG_WARN_UNGUARDED_AVAILABILITY = YES_AGGRESSIVE;
				CLANG_WARN_UNREACHABLE_CODE = YES;
				CLANG_WARN__DUPLICATE_METHOD_MATCH = YES;
				COPY_PHASE_STRIP = NO;
				DEBUG_INFORMATION_FORMAT = "dwarf-with-dsym";
				ENABLE_NS_ASSERTIONS = NO;
				ENABLE_STRICT_OBJC_MSGSEND = YES;
				GCC_C_LANGUAGE_STANDARD = gnu11;
				GCC_NO_COMMON_BLOCKS = YES;
				GCC_WARN_64_TO_32_BIT_CONVERSION = YES;
				GCC_WARN_ABOUT_RETURN_TYPE = YES_ERROR;
				GCC_WARN_UNDECLARED_SELECTOR = YES;
				GCC_WARN_UNINITIALIZED_AUTOS = YES_AGGRESSIVE;
				GCC_WARN_UNUSED_FUNCTION = YES;
				GCC_WARN_UNUSED_VARIABLE = YES;
				IPHONEOS_DEPLOYMENT_TARGET = 15.2;
				MTL_ENABLE_DEBUG_INFO = NO;
				MTL_FAST_MATH = YES;
				SDKROOT = iphoneos;
				SWIFT_COMPILATION_MODE = wholemodule;
				SWIFT_OPTIMIZATION_LEVEL = "-O";
				VALIDATE_PRODUCT = YES;
			};
			name = Release;
		};
		9097C639282BBE5D00C28E04 /* Debug */ = {
			isa = XCBuildConfiguration;
			buildSettings = {
				ASSETCATALOG_COMPILER_APPICON_NAME = AppIcon;
				ASSETCATALOG_COMPILER_GLOBAL_ACCENT_COLOR_NAME = AccentColor;
				CODE_SIGN_STYLE = Automatic;
				CURRENT_PROJECT_VERSION = 1;
				DEVELOPMENT_TEAM = 7877B8CVB7;
				GENERATE_INFOPLIST_FILE = YES;
				INFOPLIST_FILE = VampireArch/Info.plist;
				INFOPLIST_KEY_UIApplicationSupportsIndirectInputEvents = YES;
				INFOPLIST_KEY_UILaunchStoryboardName = LaunchScreen;
				INFOPLIST_KEY_UISupportedInterfaceOrientations = UIInterfaceOrientationPortrait;
				INFOPLIST_KEY_UISupportedInterfaceOrientations_iPad = "UIInterfaceOrientationPortrait UIInterfaceOrientationPortraitUpsideDown UIInterfaceOrientationLandscapeLeft UIInterfaceOrientationLandscapeRight";
				INFOPLIST_KEY_UISupportedInterfaceOrientations_iPhone = "UIInterfaceOrientationPortrait UIInterfaceOrientationLandscapeLeft UIInterfaceOrientationLandscapeRight";
				LD_RUNPATH_SEARCH_PATHS = (
					"$(inherited)",
					"@executable_path/Frameworks",
				);
				MARKETING_VERSION = 1.0;
				PRODUCT_BUNDLE_IDENTIFIER = com.marcoguerrieri.VampireArch;
				PRODUCT_NAME = "$(TARGET_NAME)";
				SWIFT_EMIT_LOC_STRINGS = YES;
				SWIFT_VERSION = 5.0;
				TARGETED_DEVICE_FAMILY = 1;
			};
			name = Debug;
		};
		9097C63A282BBE5D00C28E04 /* Release */ = {
			isa = XCBuildConfiguration;
			buildSettings = {
				ASSETCATALOG_COMPILER_APPICON_NAME = AppIcon;
				ASSETCATALOG_COMPILER_GLOBAL_ACCENT_COLOR_NAME = AccentColor;
				CODE_SIGN_STYLE = Automatic;
				CURRENT_PROJECT_VERSION = 1;
				DEVELOPMENT_TEAM = 7877B8CVB7;
				GENERATE_INFOPLIST_FILE = YES;
				INFOPLIST_FILE = VampireArch/Info.plist;
				INFOPLIST_KEY_UIApplicationSupportsIndirectInputEvents = YES;
				INFOPLIST_KEY_UILaunchStoryboardName = LaunchScreen;
				INFOPLIST_KEY_UISupportedInterfaceOrientations = UIInterfaceOrientationPortrait;
				INFOPLIST_KEY_UISupportedInterfaceOrientations_iPad = "UIInterfaceOrientationPortrait UIInterfaceOrientationPortraitUpsideDown UIInterfaceOrientationLandscapeLeft UIInterfaceOrientationLandscapeRight";
				INFOPLIST_KEY_UISupportedInterfaceOrientations_iPhone = "UIInterfaceOrientationPortrait UIInterfaceOrientationLandscapeLeft UIInterfaceOrientationLandscapeRight";
				LD_RUNPATH_SEARCH_PATHS = (
					"$(inherited)",
					"@executable_path/Frameworks",
				);
				MARKETING_VERSION = 1.0;
				PRODUCT_BUNDLE_IDENTIFIER = com.marcoguerrieri.VampireArch;
				PRODUCT_NAME = "$(TARGET_NAME)";
				SWIFT_EMIT_LOC_STRINGS = YES;
				SWIFT_VERSION = 5.0;
				TARGETED_DEVICE_FAMILY = 1;
			};
			name = Release;
		};
		9097C63C282BBE5D00C28E04 /* Debug */ = {
			isa = XCBuildConfiguration;
			buildSettings = {
				ALWAYS_EMBED_SWIFT_STANDARD_LIBRARIES = YES;
				BUNDLE_LOADER = "$(TEST_HOST)";
				CLANG_ENABLE_MODULES = YES;
				CODE_SIGN_STYLE = Automatic;
				CURRENT_PROJECT_VERSION = 1;
				DEVELOPMENT_TEAM = 7877B8CVB7;
				GENERATE_INFOPLIST_FILE = YES;
				IPHONEOS_DEPLOYMENT_TARGET = 15.2;
				LD_RUNPATH_SEARCH_PATHS = (
					"$(inherited)",
					"@executable_path/Frameworks",
					"@loader_path/Frameworks",
				);
				MARKETING_VERSION = 1.0;
				PRODUCT_BUNDLE_IDENTIFIER = com.marcoguerrieri.VampireArchTests;
				PRODUCT_NAME = "$(TARGET_NAME)";
				SWIFT_EMIT_LOC_STRINGS = NO;
				SWIFT_OPTIMIZATION_LEVEL = "-Onone";
				SWIFT_VERSION = 5.0;
				TARGETED_DEVICE_FAMILY = "1,2";
				TEST_HOST = "$(BUILT_PRODUCTS_DIR)/VampireArch.app/VampireArch";
			};
			name = Debug;
		};
		9097C63D282BBE5D00C28E04 /* Release */ = {
			isa = XCBuildConfiguration;
			buildSettings = {
				ALWAYS_EMBED_SWIFT_STANDARD_LIBRARIES = YES;
				BUNDLE_LOADER = "$(TEST_HOST)";
				CLANG_ENABLE_MODULES = YES;
				CODE_SIGN_STYLE = Automatic;
				CURRENT_PROJECT_VERSION = 1;
				DEVELOPMENT_TEAM = 7877B8CVB7;
				GENERATE_INFOPLIST_FILE = YES;
				IPHONEOS_DEPLOYMENT_TARGET = 15.2;
				LD_RUNPATH_SEARCH_PATHS = (
					"$(inherited)",
					"@executable_path/Frameworks",
					"@loader_path/Frameworks",
				);
				MARKETING_VERSION = 1.0;
				PRODUCT_BUNDLE_IDENTIFIER = com.marcoguerrieri.VampireArchTests;
				PRODUCT_NAME = "$(TARGET_NAME)";
				SWIFT_EMIT_LOC_STRINGS = NO;
				SWIFT_VERSION = 5.0;
				TARGETED_DEVICE_FAMILY = "1,2";
				TEST_HOST = "$(BUILT_PRODUCTS_DIR)/VampireArch.app/VampireArch";
			};
			name = Release;
		};
/* End XCBuildConfiguration section */

/* Begin XCConfigurationList section */
		9097C609282BBE5C00C28E04 /* Build configuration list for PBXProject "VampireArch" */ = {
			isa = XCConfigurationList;
			buildConfigurations = (
				9097C636282BBE5D00C28E04 /* Debug */,
				9097C637282BBE5D00C28E04 /* Release */,
			);
			defaultConfigurationIsVisible = 0;
			defaultConfigurationName = Release;
		};
		9097C638282BBE5D00C28E04 /* Build configuration list for PBXNativeTarget "VampireArch" */ = {
			isa = XCConfigurationList;
			buildConfigurations = (
				9097C639282BBE5D00C28E04 /* Debug */,
				9097C63A282BBE5D00C28E04 /* Release */,
			);
			defaultConfigurationIsVisible = 0;
			defaultConfigurationName = Release;
		};
		9097C63B282BBE5D00C28E04 /* Build configuration list for PBXNativeTarget "VampireArchTests" */ = {
			isa = XCConfigurationList;
			buildConfigurations = (
				9097C63C282BBE5D00C28E04 /* Debug */,
				9097C63D282BBE5D00C28E04 /* Release */,
			);
			defaultConfigurationIsVisible = 0;
			defaultConfigurationName = Release;
		};
/* End XCConfigurationList section */
	};
	rootObject = 9097C606282BBE5C00C28E04 /* Project object */;
}
